
Microsoft Visual Studio Solution File, Format Version 12.00
# Visual Studio Version 17
VisualStudioVersion = 17.7.34031.279
MinimumVisualStudioVersion = 10.0.40219.1
Project("{9A19103F-16F7-4668-BE54-9A1E7A4F7556}") = "SegundoParcialTema2.Windows", "SegundoParcialTema2.Windows\SegundoParcialTema2.Windows.csproj", "{955E9E6E-2D12-47B0-BF74-CA00570B56D8}"
EndProject
Project("{FAE04EC0-301F-11D3-BF4B-00C04F79EFBC}") = "ArraySegundoParcial.Entidades", "ArraySegundoParcial.Entidades\ArraySegundoParcial.Entidades.csproj", "{38F7C8F6-365C-4A99-B93D-77EAC95D5793}"
EndProject
Project("{FAE04EC0-301F-11D3-BF4B-00C04F79EFBC}") = "ArraySegundoParcial.Datos", "ArraySegundoParcial.Datos\ArraySegundoParcial.Datos.csproj", "{06695DA4-BC0A-4046-8DAC-6710CAC2C020}"
EndProject
Global
	GlobalSection(SolutionConfigurationPlatforms) = preSolution
		Debug|Any CPU = Debug|Any CPU
		Release|Any CPU = Release|Any CPU
	EndGlobalSection
	GlobalSection(ProjectConfigurationPlatforms) = postSolution
		{955E9E6E-2D12-47B0-BF74-CA00570B56D8}.Debug|Any CPU.ActiveCfg = Debug|Any CPU
		{955E9E6E-2D12-47B0-BF74-CA00570B56D8}.Debug|Any CPU.Build.0 = Debug|Any CPU
		{955E9E6E-2D12-47B0-BF74-CA00570B56D8}.Release|Any CPU.ActiveCfg = Release|Any CPU
		{955E9E6E-2D12-47B0-BF74-CA00570B56D8}.Release|Any CPU.Build.0 = Release|Any CPU
		{38F7C8F6-365C-4A99-B93D-77EAC95D5793}.Debug|Any CPU.ActiveCfg = Debug|Any CPU
		{38F7C8F6-365C-4A99-B93D-77EAC95D5793}.Debug|Any CPU.Build.0 = Debug|Any CPU
		{38F7C8F6-365C-4A99-B93D-77EAC95D5793}.Release|Any CPU.ActiveCfg = Release|Any CPU
		{38F7C8F6-365C-4A99-B93D-77EAC95D5793}.Release|Any CPU.Build.0 = Release|Any CPU
		{06695DA4-BC0A-4046-8DAC-6710CAC2C020}.Debug|Any CPU.ActiveCfg = Debug|Any CPU
		{06695DA4-BC0A-4046-8DAC-6710CAC2C020}.Debug|Any CPU.Build.0 = Debug|Any CPU
		{06695DA4-BC0A-4046-8DAC-6710CAC2C020}.Release|Any CPU.ActiveCfg = Release|Any CPU
		{06695DA4-BC0A-4046-8DAC-6710CAC2C020}.Release|Any CPU.Build.0 = Release|Any CPU
	EndGlobalSection
	GlobalSection(SolutionProperties) = preSolution
		HideSolutionNode = FALSE
	EndGlobalSection
	GlobalSection(ExtensibilityGlobals) = postSolution
		SolutionGuid = {C899A6E8-CC4D-497F-99CA-505C5FFD6FDF}
	EndGlobalSection
EndGlobal
